
Microsoft Visual Studio Solution File, Format Version 12.00
# Visual Studio Version 17
VisualStudioVersion = 17.4.33122.133
MinimumVisualStudioVersion = 10.0.40219.1
Project("{FAE04EC0-301F-11D3-BF4B-00C04F79EFBC}") = "DILifecycleDemo", "DILifecycleDemo.csproj", "{36FA040F-7D88-494A-9A55-93635DEF18BA}"
EndProject
Global
	GlobalSection(SolutionConfigurationPlatforms) = preSolution
		Debug|Any CPU = Debug|Any CPU
		Release|Any CPU = Release|Any CPU
	EndGlobalSection
	GlobalSection(ProjectConfigurationPlatforms) = postSolution
		{36FA040F-7D88-494A-9A55-93635DEF18BA}.Debug|Any CPU.ActiveCfg = Debug|Any CPU
		{36FA040F-7D88-494A-9A55-93635DEF18BA}.Debug|Any CPU.Build.0 = Debug|Any CPU
		{36FA040F-7D88-494A-9A55-93635DEF18BA}.Release|Any CPU.ActiveCfg = Release|Any CPU
		{36FA040F-7D88-494A-9A55-93635DEF18BA}.Release|Any CPU.Build.0 = Release|Any CPU
	EndGlobalSection
	GlobalSection(SolutionProperties) = preSolution
		HideSolutionNode = FALSE
	EndGlobalSection
	GlobalSection(ExtensibilityGlobals) = postSolution
		SolutionGuid = {00344376-A2C7-4E53-A5C8-EB1AF444801F}
	EndGlobalSection
EndGlobal
